
Microsoft Visual Studio Solution File, Format Version 12.00
# Visual Studio Version 17
VisualStudioVersion = 17.6.33829.357
MinimumVisualStudioVersion = 10.0.40219.1
Project("{FAE04EC0-301F-11D3-BF4B-00C04F79EFBC}") = "az-itelet-labririntusa", "az-itelet-labririntusa.csproj", "{3B15F32B-ACCA-4BF3-9646-7FCBC191FC4F}"
EndProject
Global
	GlobalSection(SolutionConfigurationPlatforms) = preSolution
		Debug|Any CPU = Debug|Any CPU
		Release|Any CPU = Release|Any CPU
	EndGlobalSection
	GlobalSection(ProjectConfigurationPlatforms) = postSolution
		{3B15F32B-ACCA-4BF3-9646-7FCBC191FC4F}.Debug|Any CPU.ActiveCfg = Debug|Any CPU
		{3B15F32B-ACCA-4BF3-9646-7FCBC191FC4F}.Debug|Any CPU.Build.0 = Debug|Any CPU
		{3B15F32B-ACCA-4BF3-9646-7FCBC191FC4F}.Release|Any CPU.ActiveCfg = Release|Any CPU
		{3B15F32B-ACCA-4BF3-9646-7FCBC191FC4F}.Release|Any CPU.Build.0 = Release|Any CPU
	EndGlobalSection
	GlobalSection(SolutionProperties) = preSolution
		HideSolutionNode = FALSE
	EndGlobalSection
	GlobalSection(ExtensibilityGlobals) = postSolution
		SolutionGuid = {3C4E6D70-558B-46E2-B93C-337C360C259B}
	EndGlobalSection
EndGlobal
